{
  "pins" : [
    {
      "identity" : "activityview",
      "kind" : "remoteSourceControl",
      "location" : "https://github.com/SwiftUI-Plus/ActivityView.git",
      "state" : {
        "revision" : "a6843efd45db389a39701e9a8dc1f91672789b33",
        "version" : "1.1.1"
      }
    }
  ],
  "version" : 2
}
